
Microsoft Visual Studio Solution File, Format Version 12.00
# Visual Studio Version 17
VisualStudioVersion = 17.4.32804.182
MinimumVisualStudioVersion = 10.0.40219.1
Project("{FAE04EC0-301F-11D3-BF4B-00C04F79EFBC}") = "CALCULDAORA", "CALCULDAORA\CALCULDAORA.csproj", "{1272DA41-5B32-4424-91C0-CC37F0EF9AC2}"
EndProject
Global
	GlobalSection(SolutionConfigurationPlatforms) = preSolution
		Debug|Any CPU = Debug|Any CPU
		Release|Any CPU = Release|Any CPU
	EndGlobalSection
	GlobalSection(ProjectConfigurationPlatforms) = postSolution
		{1272DA41-5B32-4424-91C0-CC37F0EF9AC2}.Debug|Any CPU.ActiveCfg = Debug|Any CPU
		{1272DA41-5B32-4424-91C0-CC37F0EF9AC2}.Debug|Any CPU.Build.0 = Debug|Any CPU
		{1272DA41-5B32-4424-91C0-CC37F0EF9AC2}.Release|Any CPU.ActiveCfg = Release|Any CPU
		{1272DA41-5B32-4424-91C0-CC37F0EF9AC2}.Release|Any CPU.Build.0 = Release|Any CPU
	EndGlobalSection
	GlobalSection(SolutionProperties) = preSolution
		HideSolutionNode = FALSE
	EndGlobalSection
	GlobalSection(ExtensibilityGlobals) = postSolution
		SolutionGuid = {D49C2883-CE5D-4C81-9512-C27041960A5C}
	EndGlobalSection
EndGlobal
